{
  "name": "520-project-hussain-tran-holmes",
  "version": "1.0.0",
  "lockfileVersion": 3,
  "requires": true,
  "packages": {
    "": {
      "name": "520-project-hussain-tran-holmes",
      "version": "1.0.0",
      "license": "ISC",
      "dependencies": {
        "520-project-hussain-tran-holmes": "file:"
      }
    },
    "node_modules/520-project-hussain-tran-holmes": {
      "resolved": "",
      "link": true
    }
  }
}
